
Microsoft Visual Studio Solution File, Format Version 12.00
# Visual Studio Version 17
VisualStudioVersion = 17.5.33414.496
MinimumVisualStudioVersion = 10.0.40219.1
Project("{2150E333-8FDC-42A3-9474-1A3956D46DE8}") = "src", "src", "{2B48D4DB-4EEB-403B-A86A-9EF70E25EA49}"
EndProject
Project("{2150E333-8FDC-42A3-9474-1A3956D46DE8}") = "HumanResourcesModule", "HumanResourcesModule", "{D34A5526-EEF3-486A-84B6-81C0542D0D55}"
EndProject
Project("{9A19103F-16F7-4668-BE54-9A1E7A4F7556}") = "HumanResourcesModule.Api", "src\HumanResourcesModule\HumanResourcesModule.Api\HumanResourcesModule.Api.csproj", "{5B7A05F1-1F96-48E2-A9FF-BCBB79B587F1}"
EndProject
Project("{9A19103F-16F7-4668-BE54-9A1E7A4F7556}") = "HumanResourcesModule.Business", "src\HumanResourcesModule\HumanResourcesModule.Business\HumanResourcesModule.Business.csproj", "{F17E3F73-CA41-4F42-BD1D-FB72E0B6EB3F}"
EndProject
Project("{9A19103F-16F7-4668-BE54-9A1E7A4F7556}") = "HumanResourcesModule.Repository", "src\HumanResourcesModule\HumanResourcesModule.Repository\HumanResourcesModule.Repository.csproj", "{C352F42A-583D-4FED-9197-5B31A96E78AD}"
EndProject
Project("{2150E333-8FDC-42A3-9474-1A3956D46DE8}") = "Solution Items", "Solution Items", "{A482AC5B-9951-4933-B50A-10F733736E8C}"
	ProjectSection(SolutionItems) = preProject
		.editorconfig = .editorconfig
	EndProjectSection
EndProject
Project("{2150E333-8FDC-42A3-9474-1A3956D46DE8}") = "Modules", "Modules", "{FE242233-B440-40AF-AEE8-CB75320F676F}"
EndProject
Project("{2150E333-8FDC-42A3-9474-1A3956D46DE8}") = "Sales", "Sales", "{2EDBAFB6-C43A-4464-84E3-3B14DC682DF2}"
EndProject
Project("{FAE04EC0-301F-11D3-BF4B-00C04F79EFBC}") = "Domain", "src\Modules\Sales\Domain\Domain.csproj", "{2988D038-A055-4156-BE21-6B9B005CB903}"
EndProject
Project("{FAE04EC0-301F-11D3-BF4B-00C04F79EFBC}") = "Infrastructure", "src\Modules\Sales\Infrastructure\Infrastructure.csproj", "{4BCC867C-17A2-47A3-B113-6E67F9B5B3B6}"
EndProject
Project("{FAE04EC0-301F-11D3-BF4B-00C04F79EFBC}") = "Application", "src\Modules\Sales\Application\Application.csproj", "{170E3318-574C-4A92-AC3E-8C7AB9721F0F}"
EndProject
Project("{2150E333-8FDC-42A3-9474-1A3956D46DE8}") = "Stock", "Stock", "{BF636969-BB46-4609-9C43-8982F054B114}"
EndProject
Project("{FAE04EC0-301F-11D3-BF4B-00C04F79EFBC}") = "Application", "src\Modules\Stock\Application\Application.csproj", "{152CFA76-2B6D-45C8-8994-17797A7FB184}"
EndProject
Project("{FAE04EC0-301F-11D3-BF4B-00C04F79EFBC}") = "Domain", "src\Modules\Stock\Domain\Domain.csproj", "{17A4E664-FADD-4A86-8706-A635AF1DB059}"
EndProject
Project("{FAE04EC0-301F-11D3-BF4B-00C04F79EFBC}") = "Infrastructure", "src\Modules\Stock\Infrastructure\Infrastructure.csproj", "{4971A0E7-5E99-4C41-842C-7889DD0519B3}"
EndProject
Project("{2150E333-8FDC-42A3-9474-1A3956D46DE8}") = "Marketing", "Marketing", "{3F3FA2C0-C10D-43D9-A241-419A10A0668F}"
EndProject
Project("{FAE04EC0-301F-11D3-BF4B-00C04F79EFBC}") = "Domain", "src\Modules\Marketing\Domain\Domain.csproj", "{C7CFFBA7-1224-4DEC-85D1-1A98512E2727}"
EndProject
Project("{FAE04EC0-301F-11D3-BF4B-00C04F79EFBC}") = "Application", "src\Modules\Marketing\Application\Application.csproj", "{16A1F97D-8676-4D97-BF00-503B22146F6F}"
EndProject
Project("{FAE04EC0-301F-11D3-BF4B-00C04F79EFBC}") = "Infrastructure", "src\Modules\Marketing\Infrastructure\Infrastructure.csproj", "{A61B1BDE-9803-430B-B590-A512341CC7C2}"
EndProject
Project("{2150E333-8FDC-42A3-9474-1A3956D46DE8}") = "Finance", "Finance", "{1BE57A05-4495-4041-9C1C-45A1CC54B9B7}"
EndProject
Project("{FAE04EC0-301F-11D3-BF4B-00C04F79EFBC}") = "Domain", "src\Modules\Finance\Domain\Domain.csproj", "{4FFA310F-BF17-490B-93C8-C39912815F56}"
EndProject
Project("{FAE04EC0-301F-11D3-BF4B-00C04F79EFBC}") = "Infrastructure", "src\Modules\Finance\Infrastructure\Infrastructure.csproj", "{17802D00-894E-4020-8696-9D688BA2CEB3}"
EndProject
Project("{FAE04EC0-301F-11D3-BF4B-00C04F79EFBC}") = "Application", "src\Modules\Finance\Application\Application.csproj", "{8FC52937-675C-4A5B-8600-C0C2EBF6B1BA}"
EndProject
Project("{2150E333-8FDC-42A3-9474-1A3956D46DE8}") = "Customer", "Customer", "{9D97FD7C-7E4F-4B81-AE93-0ABE2BCA9331}"
EndProject
Project("{FAE04EC0-301F-11D3-BF4B-00C04F79EFBC}") = "Application", "src\Modules\Customer\Application\Application.csproj", "{C174AA92-70C9-4CEE-A0F1-54CB405277F6}"
EndProject
Project("{FAE04EC0-301F-11D3-BF4B-00C04F79EFBC}") = "Domain", "src\Modules\Customer\Domain\Domain.csproj", "{E83E6BC7-7B31-4B1B-B9C9-ACF3DDE66E62}"
EndProject
Project("{FAE04EC0-301F-11D3-BF4B-00C04F79EFBC}") = "Infrastructure", "src\Modules\Customer\Infrastructure\Infrastructure.csproj", "{DBAF61B5-4D0E-453A-99E4-76903E9ABC48}"
EndProject
Global
	GlobalSection(SolutionConfigurationPlatforms) = preSolution
		Debug|Any CPU = Debug|Any CPU
		Release|Any CPU = Release|Any CPU
	EndGlobalSection
	GlobalSection(ProjectConfigurationPlatforms) = postSolution
		{5B7A05F1-1F96-48E2-A9FF-BCBB79B587F1}.Debug|Any CPU.ActiveCfg = Debug|Any CPU
		{5B7A05F1-1F96-48E2-A9FF-BCBB79B587F1}.Debug|Any CPU.Build.0 = Debug|Any CPU
		{5B7A05F1-1F96-48E2-A9FF-BCBB79B587F1}.Release|Any CPU.ActiveCfg = Release|Any CPU
		{5B7A05F1-1F96-48E2-A9FF-BCBB79B587F1}.Release|Any CPU.Build.0 = Release|Any CPU
		{F17E3F73-CA41-4F42-BD1D-FB72E0B6EB3F}.Debug|Any CPU.ActiveCfg = Debug|Any CPU
		{F17E3F73-CA41-4F42-BD1D-FB72E0B6EB3F}.Debug|Any CPU.Build.0 = Debug|Any CPU
		{F17E3F73-CA41-4F42-BD1D-FB72E0B6EB3F}.Release|Any CPU.ActiveCfg = Release|Any CPU
		{F17E3F73-CA41-4F42-BD1D-FB72E0B6EB3F}.Release|Any CPU.Build.0 = Release|Any CPU
		{C352F42A-583D-4FED-9197-5B31A96E78AD}.Debug|Any CPU.ActiveCfg = Debug|Any CPU
		{C352F42A-583D-4FED-9197-5B31A96E78AD}.Debug|Any CPU.Build.0 = Debug|Any CPU
		{C352F42A-583D-4FED-9197-5B31A96E78AD}.Release|Any CPU.ActiveCfg = Release|Any CPU
		{C352F42A-583D-4FED-9197-5B31A96E78AD}.Release|Any CPU.Build.0 = Release|Any CPU
		{2988D038-A055-4156-BE21-6B9B005CB903}.Debug|Any CPU.ActiveCfg = Debug|Any CPU
		{2988D038-A055-4156-BE21-6B9B005CB903}.Debug|Any CPU.Build.0 = Debug|Any CPU
		{2988D038-A055-4156-BE21-6B9B005CB903}.Release|Any CPU.ActiveCfg = Release|Any CPU
		{2988D038-A055-4156-BE21-6B9B005CB903}.Release|Any CPU.Build.0 = Release|Any CPU
		{4BCC867C-17A2-47A3-B113-6E67F9B5B3B6}.Debug|Any CPU.ActiveCfg = Debug|Any CPU
		{4BCC867C-17A2-47A3-B113-6E67F9B5B3B6}.Debug|Any CPU.Build.0 = Debug|Any CPU
		{4BCC867C-17A2-47A3-B113-6E67F9B5B3B6}.Release|Any CPU.ActiveCfg = Release|Any CPU
		{4BCC867C-17A2-47A3-B113-6E67F9B5B3B6}.Release|Any CPU.Build.0 = Release|Any CPU
		{170E3318-574C-4A92-AC3E-8C7AB9721F0F}.Debug|Any CPU.ActiveCfg = Debug|Any CPU
		{170E3318-574C-4A92-AC3E-8C7AB9721F0F}.Debug|Any CPU.Build.0 = Debug|Any CPU
		{170E3318-574C-4A92-AC3E-8C7AB9721F0F}.Release|Any CPU.ActiveCfg = Release|Any CPU
		{170E3318-574C-4A92-AC3E-8C7AB9721F0F}.Release|Any CPU.Build.0 = Release|Any CPU
		{152CFA76-2B6D-45C8-8994-17797A7FB184}.Debug|Any CPU.ActiveCfg = Debug|Any CPU
		{152CFA76-2B6D-45C8-8994-17797A7FB184}.Debug|Any CPU.Build.0 = Debug|Any CPU
		{152CFA76-2B6D-45C8-8994-17797A7FB184}.Release|Any CPU.ActiveCfg = Release|Any CPU
		{152CFA76-2B6D-45C8-8994-17797A7FB184}.Release|Any CPU.Build.0 = Release|Any CPU
		{17A4E664-FADD-4A86-8706-A635AF1DB059}.Debug|Any CPU.ActiveCfg = Debug|Any CPU
		{17A4E664-FADD-4A86-8706-A635AF1DB059}.Debug|Any CPU.Build.0 = Debug|Any CPU
		{17A4E664-FADD-4A86-8706-A635AF1DB059}.Release|Any CPU.ActiveCfg = Release|Any CPU
		{17A4E664-FADD-4A86-8706-A635AF1DB059}.Release|Any CPU.Build.0 = Release|Any CPU
		{4971A0E7-5E99-4C41-842C-7889DD0519B3}.Debug|Any CPU.ActiveCfg = Debug|Any CPU
		{4971A0E7-5E99-4C41-842C-7889DD0519B3}.Debug|Any CPU.Build.0 = Debug|Any CPU
		{4971A0E7-5E99-4C41-842C-7889DD0519B3}.Release|Any CPU.ActiveCfg = Release|Any CPU
		{4971A0E7-5E99-4C41-842C-7889DD0519B3}.Release|Any CPU.Build.0 = Release|Any CPU
		{C7CFFBA7-1224-4DEC-85D1-1A98512E2727}.Debug|Any CPU.ActiveCfg = Debug|Any CPU
		{C7CFFBA7-1224-4DEC-85D1-1A98512E2727}.Debug|Any CPU.Build.0 = Debug|Any CPU
		{C7CFFBA7-1224-4DEC-85D1-1A98512E2727}.Release|Any CPU.ActiveCfg = Release|Any CPU
		{C7CFFBA7-1224-4DEC-85D1-1A98512E2727}.Release|Any CPU.Build.0 = Release|Any CPU
		{16A1F97D-8676-4D97-BF00-503B22146F6F}.Debug|Any CPU.ActiveCfg = Debug|Any CPU
		{16A1F97D-8676-4D97-BF00-503B22146F6F}.Debug|Any CPU.Build.0 = Debug|Any CPU
		{16A1F97D-8676-4D97-BF00-503B22146F6F}.Release|Any CPU.ActiveCfg = Release|Any CPU
		{16A1F97D-8676-4D97-BF00-503B22146F6F}.Release|Any CPU.Build.0 = Release|Any CPU
		{A61B1BDE-9803-430B-B590-A512341CC7C2}.Debug|Any CPU.ActiveCfg = Debug|Any CPU
		{A61B1BDE-9803-430B-B590-A512341CC7C2}.Debug|Any CPU.Build.0 = Debug|Any CPU
		{A61B1BDE-9803-430B-B590-A512341CC7C2}.Release|Any CPU.ActiveCfg = Release|Any CPU
		{A61B1BDE-9803-430B-B590-A512341CC7C2}.Release|Any CPU.Build.0 = Release|Any CPU
		{4FFA310F-BF17-490B-93C8-C39912815F56}.Debug|Any CPU.ActiveCfg = Debug|Any CPU
		{4FFA310F-BF17-490B-93C8-C39912815F56}.Debug|Any CPU.Build.0 = Debug|Any CPU
		{4FFA310F-BF17-490B-93C8-C39912815F56}.Release|Any CPU.ActiveCfg = Release|Any CPU
		{4FFA310F-BF17-490B-93C8-C39912815F56}.Release|Any CPU.Build.0 = Release|Any CPU
		{17802D00-894E-4020-8696-9D688BA2CEB3}.Debug|Any CPU.ActiveCfg = Debug|Any CPU
		{17802D00-894E-4020-8696-9D688BA2CEB3}.Debug|Any CPU.Build.0 = Debug|Any CPU
		{17802D00-894E-4020-8696-9D688BA2CEB3}.Release|Any CPU.ActiveCfg = Release|Any CPU
		{17802D00-894E-4020-8696-9D688BA2CEB3}.Release|Any CPU.Build.0 = Release|Any CPU
		{8FC52937-675C-4A5B-8600-C0C2EBF6B1BA}.Debug|Any CPU.ActiveCfg = Debug|Any CPU
		{8FC52937-675C-4A5B-8600-C0C2EBF6B1BA}.Debug|Any CPU.Build.0 = Debug|Any CPU
		{8FC52937-675C-4A5B-8600-C0C2EBF6B1BA}.Release|Any CPU.ActiveCfg = Release|Any CPU
		{8FC52937-675C-4A5B-8600-C0C2EBF6B1BA}.Release|Any CPU.Build.0 = Release|Any CPU
		{C174AA92-70C9-4CEE-A0F1-54CB405277F6}.Debug|Any CPU.ActiveCfg = Debug|Any CPU
		{C174AA92-70C9-4CEE-A0F1-54CB405277F6}.Debug|Any CPU.Build.0 = Debug|Any CPU
		{C174AA92-70C9-4CEE-A0F1-54CB405277F6}.Release|Any CPU.ActiveCfg = Release|Any CPU
		{C174AA92-70C9-4CEE-A0F1-54CB405277F6}.Release|Any CPU.Build.0 = Release|Any CPU
		{E83E6BC7-7B31-4B1B-B9C9-ACF3DDE66E62}.Debug|Any CPU.ActiveCfg = Debug|Any CPU
		{E83E6BC7-7B31-4B1B-B9C9-ACF3DDE66E62}.Debug|Any CPU.Build.0 = Debug|Any CPU
		{E83E6BC7-7B31-4B1B-B9C9-ACF3DDE66E62}.Release|Any CPU.ActiveCfg = Release|Any CPU
		{E83E6BC7-7B31-4B1B-B9C9-ACF3DDE66E62}.Release|Any CPU.Build.0 = Release|Any CPU
		{DBAF61B5-4D0E-453A-99E4-76903E9ABC48}.Debug|Any CPU.ActiveCfg = Debug|Any CPU
		{DBAF61B5-4D0E-453A-99E4-76903E9ABC48}.Debug|Any CPU.Build.0 = Debug|Any CPU
		{DBAF61B5-4D0E-453A-99E4-76903E9ABC48}.Release|Any CPU.ActiveCfg = Release|Any CPU
		{DBAF61B5-4D0E-453A-99E4-76903E9ABC48}.Release|Any CPU.Build.0 = Release|Any CPU
	EndGlobalSection
	GlobalSection(SolutionProperties) = preSolution
		HideSolutionNode = FALSE
	EndGlobalSection
	GlobalSection(NestedProjects) = preSolution
		{D34A5526-EEF3-486A-84B6-81C0542D0D55} = {2B48D4DB-4EEB-403B-A86A-9EF70E25EA49}
		{5B7A05F1-1F96-48E2-A9FF-BCBB79B587F1} = {D34A5526-EEF3-486A-84B6-81C0542D0D55}
		{F17E3F73-CA41-4F42-BD1D-FB72E0B6EB3F} = {D34A5526-EEF3-486A-84B6-81C0542D0D55}
		{C352F42A-583D-4FED-9197-5B31A96E78AD} = {D34A5526-EEF3-486A-84B6-81C0542D0D55}
		{FE242233-B440-40AF-AEE8-CB75320F676F} = {2B48D4DB-4EEB-403B-A86A-9EF70E25EA49}
		{2EDBAFB6-C43A-4464-84E3-3B14DC682DF2} = {FE242233-B440-40AF-AEE8-CB75320F676F}
		{2988D038-A055-4156-BE21-6B9B005CB903} = {2EDBAFB6-C43A-4464-84E3-3B14DC682DF2}
		{4BCC867C-17A2-47A3-B113-6E67F9B5B3B6} = {2EDBAFB6-C43A-4464-84E3-3B14DC682DF2}
		{170E3318-574C-4A92-AC3E-8C7AB9721F0F} = {2EDBAFB6-C43A-4464-84E3-3B14DC682DF2}
		{BF636969-BB46-4609-9C43-8982F054B114} = {FE242233-B440-40AF-AEE8-CB75320F676F}
		{152CFA76-2B6D-45C8-8994-17797A7FB184} = {BF636969-BB46-4609-9C43-8982F054B114}
		{17A4E664-FADD-4A86-8706-A635AF1DB059} = {BF636969-BB46-4609-9C43-8982F054B114}
		{4971A0E7-5E99-4C41-842C-7889DD0519B3} = {BF636969-BB46-4609-9C43-8982F054B114}
		{3F3FA2C0-C10D-43D9-A241-419A10A0668F} = {FE242233-B440-40AF-AEE8-CB75320F676F}
		{C7CFFBA7-1224-4DEC-85D1-1A98512E2727} = {3F3FA2C0-C10D-43D9-A241-419A10A0668F}
		{16A1F97D-8676-4D97-BF00-503B22146F6F} = {3F3FA2C0-C10D-43D9-A241-419A10A0668F}
		{A61B1BDE-9803-430B-B590-A512341CC7C2} = {3F3FA2C0-C10D-43D9-A241-419A10A0668F}
		{1BE57A05-4495-4041-9C1C-45A1CC54B9B7} = {FE242233-B440-40AF-AEE8-CB75320F676F}
		{4FFA310F-BF17-490B-93C8-C39912815F56} = {1BE57A05-4495-4041-9C1C-45A1CC54B9B7}
		{17802D00-894E-4020-8696-9D688BA2CEB3} = {1BE57A05-4495-4041-9C1C-45A1CC54B9B7}
		{8FC52937-675C-4A5B-8600-C0C2EBF6B1BA} = {1BE57A05-4495-4041-9C1C-45A1CC54B9B7}
		{9D97FD7C-7E4F-4B81-AE93-0ABE2BCA9331} = {FE242233-B440-40AF-AEE8-CB75320F676F}
		{C174AA92-70C9-4CEE-A0F1-54CB405277F6} = {9D97FD7C-7E4F-4B81-AE93-0ABE2BCA9331}
		{E83E6BC7-7B31-4B1B-B9C9-ACF3DDE66E62} = {9D97FD7C-7E4F-4B81-AE93-0ABE2BCA9331}
		{DBAF61B5-4D0E-453A-99E4-76903E9ABC48} = {9D97FD7C-7E4F-4B81-AE93-0ABE2BCA9331}
	EndGlobalSection
	GlobalSection(ExtensibilityGlobals) = postSolution
		SolutionGuid = {8AC83E58-1BF0-4788-BB3C-0ECB79AE4FCE}
	EndGlobalSection
EndGlobal
