
Microsoft Visual Studio Solution File, Format Version 12.00
# Visual Studio Version 17
VisualStudioVersion = 17.5.33414.496
MinimumVisualStudioVersion = 10.0.40219.1
Project("{2150E333-8FDC-42A3-9474-1A3956D46DE8}") = "src", "src", "{2B48D4DB-4EEB-403B-A86A-9EF70E25EA49}"
EndProject
Project("{2150E333-8FDC-42A3-9474-1A3956D46DE8}") = "CustomerManagementModule", "CustomerManagementModule", "{5C8F8A4B-5DD4-4C7D-AC30-1CEBC4C2C0C5}"
EndProject
Project("{9A19103F-16F7-4668-BE54-9A1E7A4F7556}") = "CustomerManagementModule.Repository", "src\CustomerManagementModule\CustomerManagementModule.Repository\CustomerManagementModule.Repository.csproj", "{5C7A3705-04EF-4A18-9568-6295485BBCE4}"
EndProject
Project("{9A19103F-16F7-4668-BE54-9A1E7A4F7556}") = "CustomerManagementModule.Business", "src\CustomerManagementModule\CustomerManagementModule.Business\CustomerManagementModule.Business.csproj", "{8E579868-7F71-424C-8450-C48AB579AE62}"
EndProject
Project("{9A19103F-16F7-4668-BE54-9A1E7A4F7556}") = "CustomerManagementModule.Entity", "src\CustomerManagementModule\CustomerManagementModule.Entity\CustomerManagementModule.Entity.csproj", "{86C4EE0C-97F5-42A8-BC73-AE1C58311354}"
EndProject
Project("{9A19103F-16F7-4668-BE54-9A1E7A4F7556}") = "CustomerManagementModule.Api", "src\CustomerManagementModule\CustomerManagementModule.Api\CustomerManagementModule.Api.csproj", "{7EC55E6D-B5E6-43B6-AF92-BD0B23A8EE93}"
EndProject
Project("{2150E333-8FDC-42A3-9474-1A3956D46DE8}") = "FinanceModule", "FinanceModule", "{6F090A1D-5ECB-4ACE-8184-5EB1D76CD248}"
EndProject
Project("{9A19103F-16F7-4668-BE54-9A1E7A4F7556}") = "FinanceModule.Entity", "src\FinanceModule\FinanceModule.Entity\FinanceModule.Entity.csproj", "{3FE7BC4B-95D4-4B80-A237-8F5590CD9B34}"
EndProject
Project("{9A19103F-16F7-4668-BE54-9A1E7A4F7556}") = "FinanceModule.Business", "src\FinanceModule\FinanceModule.Business\FinanceModule.Business.csproj", "{FC1EB802-44BC-45E5-9F0B-3523EEDF54B0}"
EndProject
Project("{9A19103F-16F7-4668-BE54-9A1E7A4F7556}") = "FinanceModule.Repository", "src\FinanceModule\FinanceModule.Repository\FinanceModule.Repository.csproj", "{2B192ABD-EEDF-451A-AB06-F983CCD19946}"
EndProject
Project("{9A19103F-16F7-4668-BE54-9A1E7A4F7556}") = "FinanceModule.Api", "src\FinanceModule\FinanceModule.Api\FinanceModule.Api.csproj", "{A109BDFE-F76D-422A-ACBE-07DDDF5AB221}"
EndProject
Project("{2150E333-8FDC-42A3-9474-1A3956D46DE8}") = "StockManagementModule", "StockManagementModule", "{7CFA409A-1BD2-4FBE-B49E-B8A31D6E077C}"
EndProject
Project("{9A19103F-16F7-4668-BE54-9A1E7A4F7556}") = "StockManagementModule.Entity", "src\StockManagementModule\StockManagementModule.Entity\StockManagementModule.Entity.csproj", "{719CBE7A-14F2-45A3-9851-12925F9394FA}"
EndProject
Project("{9A19103F-16F7-4668-BE54-9A1E7A4F7556}") = "StockManagementModule.Business", "src\StockManagementModule\StockManagementModule.Business\StockManagementModule.Business.csproj", "{CE4E1262-33D0-41C2-8010-BF3AC30D0ADC}"
EndProject
Project("{9A19103F-16F7-4668-BE54-9A1E7A4F7556}") = "StockManagementModule.Repository", "src\StockManagementModule\StockManagementModule.Repository\StockManagementModule.Repository.csproj", "{CC20DFD5-DB34-451E-B8EC-12E0283A5CEE}"
EndProject
Project("{9A19103F-16F7-4668-BE54-9A1E7A4F7556}") = "StockManagementModule.Api", "src\StockManagementModule\StockManagementModule.Api\StockManagementModule.Api.csproj", "{8A1D384A-547B-4B50-85A9-B5A30C6CD3E0}"
EndProject
Project("{2150E333-8FDC-42A3-9474-1A3956D46DE8}") = "HumanResourcesModule", "HumanResourcesModule", "{D34A5526-EEF3-486A-84B6-81C0542D0D55}"
EndProject
Project("{9A19103F-16F7-4668-BE54-9A1E7A4F7556}") = "HumanResourcesModule.Api", "src\HumanResourcesModule\HumanResourcesModule.Api\HumanResourcesModule.Api.csproj", "{5B7A05F1-1F96-48E2-A9FF-BCBB79B587F1}"
EndProject
Project("{9A19103F-16F7-4668-BE54-9A1E7A4F7556}") = "HumanResourcesModule.Entity", "src\HumanResourcesModule\HumanResourcesModule.Entity\HumanResourcesModule.Entity.csproj", "{45A768E6-BD0F-43A8-943A-05696D5B573E}"
EndProject
Project("{9A19103F-16F7-4668-BE54-9A1E7A4F7556}") = "HumanResourcesModule.Business", "src\HumanResourcesModule\HumanResourcesModule.Business\HumanResourcesModule.Business.csproj", "{F17E3F73-CA41-4F42-BD1D-FB72E0B6EB3F}"
EndProject
Project("{9A19103F-16F7-4668-BE54-9A1E7A4F7556}") = "HumanResourcesModule.Repository", "src\HumanResourcesModule\HumanResourcesModule.Repository\HumanResourcesModule.Repository.csproj", "{C352F42A-583D-4FED-9197-5B31A96E78AD}"
EndProject
Project("{2150E333-8FDC-42A3-9474-1A3956D46DE8}") = "SalesManagementModule", "SalesManagementModule", "{BD01F002-3A3B-44E2-9F18-EAC0CB7448ED}"
EndProject
Project("{9A19103F-16F7-4668-BE54-9A1E7A4F7556}") = "SalesManagementModule.Entity", "src\SalesManagementModule\SalesManagementModule.Entity\SalesManagementModule.Entity.csproj", "{96DEA8BA-27BA-47BA-AEB9-F30D574F6220}"
EndProject
Project("{9A19103F-16F7-4668-BE54-9A1E7A4F7556}") = "SalesManagementModule.Business", "src\SalesManagementModule\SalesManagementModule.Business\SalesManagementModule.Business.csproj", "{A56BE5E0-0827-4786-B8EB-8ACDCAE5D3A1}"
EndProject
Project("{9A19103F-16F7-4668-BE54-9A1E7A4F7556}") = "SalesManagementModule.Repository", "src\SalesManagementModule\SalesManagementModule.Repository\SalesManagementModule.Repository.csproj", "{F73CA167-79D2-448E-BF14-CADB265EFCD8}"
EndProject
Project("{9A19103F-16F7-4668-BE54-9A1E7A4F7556}") = "SalesManagementModule.Api", "src\SalesManagementModule\SalesManagementModule.Api\SalesManagementModule.Api.csproj", "{7CDD01D2-36F8-4ABC-81B7-14AF1DE795EE}"
EndProject
Project("{2150E333-8FDC-42A3-9474-1A3956D46DE8}") = "MarketingManagementModule", "MarketingManagementModule", "{9B405C50-A0B0-4724-9DB4-19F19BDDA2B7}"
EndProject
Project("{9A19103F-16F7-4668-BE54-9A1E7A4F7556}") = "MarketingManagementModule.Entity", "src\MarketingManagementModule\MarketingManagementModule.Entity\MarketingManagementModule.Entity.csproj", "{9DC0A142-E4F9-4BA8-BB25-EEE6D33BF99A}"
EndProject
Project("{9A19103F-16F7-4668-BE54-9A1E7A4F7556}") = "MarketingManagementModule.Business", "src\MarketingManagementModule\MarketingManagementModule.Business\MarketingManagementModule.Business.csproj", "{F52240E1-B16A-46D8-9163-6B72F2E478D3}"
EndProject
Project("{9A19103F-16F7-4668-BE54-9A1E7A4F7556}") = "MarketingManagementModule.Repository", "src\MarketingManagementModule\MarketingManagementModule.Repository\MarketingManagementModule.Repository.csproj", "{745E2D00-B047-496B-8CE5-BCCFDA67E209}"
EndProject
Project("{9A19103F-16F7-4668-BE54-9A1E7A4F7556}") = "MarketingManagementModule.Api", "src\MarketingManagementModule\MarketingManagementModule.Api\MarketingManagementModule.Api.csproj", "{F43C6EEE-4D41-4C4E-B835-E8EFE175189D}"
EndProject
Project("{2150E333-8FDC-42A3-9474-1A3956D46DE8}") = "Solution Items", "Solution Items", "{A482AC5B-9951-4933-B50A-10F733736E8C}"
	ProjectSection(SolutionItems) = preProject
		.editorconfig = .editorconfig
	EndProjectSection
EndProject
Project("{2150E333-8FDC-42A3-9474-1A3956D46DE8}") = "Admin", "Admin", "{C57CAE3A-E362-4F34-9EC0-30A8AAAB0814}"
EndProject
Project("{54A90642-561A-4BB1-A94E-469ADEE60C69}") = "wursoftadmin", "src\Admin\WurSoftAdmin\wursoftadmin.esproj", "{10E1E506-9805-4225-80AD-12F53FB9CE2E}"
EndProject
Global
	GlobalSection(SolutionConfigurationPlatforms) = preSolution
		Debug|Any CPU = Debug|Any CPU
		Release|Any CPU = Release|Any CPU
	EndGlobalSection
	GlobalSection(ProjectConfigurationPlatforms) = postSolution
		{5C7A3705-04EF-4A18-9568-6295485BBCE4}.Debug|Any CPU.ActiveCfg = Debug|Any CPU
		{5C7A3705-04EF-4A18-9568-6295485BBCE4}.Debug|Any CPU.Build.0 = Debug|Any CPU
		{5C7A3705-04EF-4A18-9568-6295485BBCE4}.Release|Any CPU.ActiveCfg = Release|Any CPU
		{5C7A3705-04EF-4A18-9568-6295485BBCE4}.Release|Any CPU.Build.0 = Release|Any CPU
		{8E579868-7F71-424C-8450-C48AB579AE62}.Debug|Any CPU.ActiveCfg = Debug|Any CPU
		{8E579868-7F71-424C-8450-C48AB579AE62}.Debug|Any CPU.Build.0 = Debug|Any CPU
		{8E579868-7F71-424C-8450-C48AB579AE62}.Release|Any CPU.ActiveCfg = Release|Any CPU
		{8E579868-7F71-424C-8450-C48AB579AE62}.Release|Any CPU.Build.0 = Release|Any CPU
		{86C4EE0C-97F5-42A8-BC73-AE1C58311354}.Debug|Any CPU.ActiveCfg = Debug|Any CPU
		{86C4EE0C-97F5-42A8-BC73-AE1C58311354}.Debug|Any CPU.Build.0 = Debug|Any CPU
		{86C4EE0C-97F5-42A8-BC73-AE1C58311354}.Release|Any CPU.ActiveCfg = Release|Any CPU
		{86C4EE0C-97F5-42A8-BC73-AE1C58311354}.Release|Any CPU.Build.0 = Release|Any CPU
		{7EC55E6D-B5E6-43B6-AF92-BD0B23A8EE93}.Debug|Any CPU.ActiveCfg = Debug|Any CPU
		{7EC55E6D-B5E6-43B6-AF92-BD0B23A8EE93}.Debug|Any CPU.Build.0 = Debug|Any CPU
		{7EC55E6D-B5E6-43B6-AF92-BD0B23A8EE93}.Release|Any CPU.ActiveCfg = Release|Any CPU
		{7EC55E6D-B5E6-43B6-AF92-BD0B23A8EE93}.Release|Any CPU.Build.0 = Release|Any CPU
		{3FE7BC4B-95D4-4B80-A237-8F5590CD9B34}.Debug|Any CPU.ActiveCfg = Debug|Any CPU
		{3FE7BC4B-95D4-4B80-A237-8F5590CD9B34}.Debug|Any CPU.Build.0 = Debug|Any CPU
		{3FE7BC4B-95D4-4B80-A237-8F5590CD9B34}.Release|Any CPU.ActiveCfg = Release|Any CPU
		{3FE7BC4B-95D4-4B80-A237-8F5590CD9B34}.Release|Any CPU.Build.0 = Release|Any CPU
		{FC1EB802-44BC-45E5-9F0B-3523EEDF54B0}.Debug|Any CPU.ActiveCfg = Debug|Any CPU
		{FC1EB802-44BC-45E5-9F0B-3523EEDF54B0}.Debug|Any CPU.Build.0 = Debug|Any CPU
		{FC1EB802-44BC-45E5-9F0B-3523EEDF54B0}.Release|Any CPU.ActiveCfg = Release|Any CPU
		{FC1EB802-44BC-45E5-9F0B-3523EEDF54B0}.Release|Any CPU.Build.0 = Release|Any CPU
		{2B192ABD-EEDF-451A-AB06-F983CCD19946}.Debug|Any CPU.ActiveCfg = Debug|Any CPU
		{2B192ABD-EEDF-451A-AB06-F983CCD19946}.Debug|Any CPU.Build.0 = Debug|Any CPU
		{2B192ABD-EEDF-451A-AB06-F983CCD19946}.Release|Any CPU.ActiveCfg = Release|Any CPU
		{2B192ABD-EEDF-451A-AB06-F983CCD19946}.Release|Any CPU.Build.0 = Release|Any CPU
		{A109BDFE-F76D-422A-ACBE-07DDDF5AB221}.Debug|Any CPU.ActiveCfg = Debug|Any CPU
		{A109BDFE-F76D-422A-ACBE-07DDDF5AB221}.Debug|Any CPU.Build.0 = Debug|Any CPU
		{A109BDFE-F76D-422A-ACBE-07DDDF5AB221}.Release|Any CPU.ActiveCfg = Release|Any CPU
		{A109BDFE-F76D-422A-ACBE-07DDDF5AB221}.Release|Any CPU.Build.0 = Release|Any CPU
		{719CBE7A-14F2-45A3-9851-12925F9394FA}.Debug|Any CPU.ActiveCfg = Debug|Any CPU
		{719CBE7A-14F2-45A3-9851-12925F9394FA}.Debug|Any CPU.Build.0 = Debug|Any CPU
		{719CBE7A-14F2-45A3-9851-12925F9394FA}.Release|Any CPU.ActiveCfg = Release|Any CPU
		{719CBE7A-14F2-45A3-9851-12925F9394FA}.Release|Any CPU.Build.0 = Release|Any CPU
		{CE4E1262-33D0-41C2-8010-BF3AC30D0ADC}.Debug|Any CPU.ActiveCfg = Debug|Any CPU
		{CE4E1262-33D0-41C2-8010-BF3AC30D0ADC}.Debug|Any CPU.Build.0 = Debug|Any CPU
		{CE4E1262-33D0-41C2-8010-BF3AC30D0ADC}.Release|Any CPU.ActiveCfg = Release|Any CPU
		{CE4E1262-33D0-41C2-8010-BF3AC30D0ADC}.Release|Any CPU.Build.0 = Release|Any CPU
		{CC20DFD5-DB34-451E-B8EC-12E0283A5CEE}.Debug|Any CPU.ActiveCfg = Debug|Any CPU
		{CC20DFD5-DB34-451E-B8EC-12E0283A5CEE}.Debug|Any CPU.Build.0 = Debug|Any CPU
		{CC20DFD5-DB34-451E-B8EC-12E0283A5CEE}.Release|Any CPU.ActiveCfg = Release|Any CPU
		{CC20DFD5-DB34-451E-B8EC-12E0283A5CEE}.Release|Any CPU.Build.0 = Release|Any CPU
		{8A1D384A-547B-4B50-85A9-B5A30C6CD3E0}.Debug|Any CPU.ActiveCfg = Debug|Any CPU
		{8A1D384A-547B-4B50-85A9-B5A30C6CD3E0}.Debug|Any CPU.Build.0 = Debug|Any CPU
		{8A1D384A-547B-4B50-85A9-B5A30C6CD3E0}.Release|Any CPU.ActiveCfg = Release|Any CPU
		{8A1D384A-547B-4B50-85A9-B5A30C6CD3E0}.Release|Any CPU.Build.0 = Release|Any CPU
		{5B7A05F1-1F96-48E2-A9FF-BCBB79B587F1}.Debug|Any CPU.ActiveCfg = Debug|Any CPU
		{5B7A05F1-1F96-48E2-A9FF-BCBB79B587F1}.Debug|Any CPU.Build.0 = Debug|Any CPU
		{5B7A05F1-1F96-48E2-A9FF-BCBB79B587F1}.Release|Any CPU.ActiveCfg = Release|Any CPU
		{5B7A05F1-1F96-48E2-A9FF-BCBB79B587F1}.Release|Any CPU.Build.0 = Release|Any CPU
		{45A768E6-BD0F-43A8-943A-05696D5B573E}.Debug|Any CPU.ActiveCfg = Debug|Any CPU
		{45A768E6-BD0F-43A8-943A-05696D5B573E}.Debug|Any CPU.Build.0 = Debug|Any CPU
		{45A768E6-BD0F-43A8-943A-05696D5B573E}.Release|Any CPU.ActiveCfg = Release|Any CPU
		{45A768E6-BD0F-43A8-943A-05696D5B573E}.Release|Any CPU.Build.0 = Release|Any CPU
		{F17E3F73-CA41-4F42-BD1D-FB72E0B6EB3F}.Debug|Any CPU.ActiveCfg = Debug|Any CPU
		{F17E3F73-CA41-4F42-BD1D-FB72E0B6EB3F}.Debug|Any CPU.Build.0 = Debug|Any CPU
		{F17E3F73-CA41-4F42-BD1D-FB72E0B6EB3F}.Release|Any CPU.ActiveCfg = Release|Any CPU
		{F17E3F73-CA41-4F42-BD1D-FB72E0B6EB3F}.Release|Any CPU.Build.0 = Release|Any CPU
		{C352F42A-583D-4FED-9197-5B31A96E78AD}.Debug|Any CPU.ActiveCfg = Debug|Any CPU
		{C352F42A-583D-4FED-9197-5B31A96E78AD}.Debug|Any CPU.Build.0 = Debug|Any CPU
		{C352F42A-583D-4FED-9197-5B31A96E78AD}.Release|Any CPU.ActiveCfg = Release|Any CPU
		{C352F42A-583D-4FED-9197-5B31A96E78AD}.Release|Any CPU.Build.0 = Release|Any CPU
		{96DEA8BA-27BA-47BA-AEB9-F30D574F6220}.Debug|Any CPU.ActiveCfg = Debug|Any CPU
		{96DEA8BA-27BA-47BA-AEB9-F30D574F6220}.Debug|Any CPU.Build.0 = Debug|Any CPU
		{96DEA8BA-27BA-47BA-AEB9-F30D574F6220}.Release|Any CPU.ActiveCfg = Release|Any CPU
		{96DEA8BA-27BA-47BA-AEB9-F30D574F6220}.Release|Any CPU.Build.0 = Release|Any CPU
		{A56BE5E0-0827-4786-B8EB-8ACDCAE5D3A1}.Debug|Any CPU.ActiveCfg = Debug|Any CPU
		{A56BE5E0-0827-4786-B8EB-8ACDCAE5D3A1}.Debug|Any CPU.Build.0 = Debug|Any CPU
		{A56BE5E0-0827-4786-B8EB-8ACDCAE5D3A1}.Release|Any CPU.ActiveCfg = Release|Any CPU
		{A56BE5E0-0827-4786-B8EB-8ACDCAE5D3A1}.Release|Any CPU.Build.0 = Release|Any CPU
		{F73CA167-79D2-448E-BF14-CADB265EFCD8}.Debug|Any CPU.ActiveCfg = Debug|Any CPU
		{F73CA167-79D2-448E-BF14-CADB265EFCD8}.Debug|Any CPU.Build.0 = Debug|Any CPU
		{F73CA167-79D2-448E-BF14-CADB265EFCD8}.Release|Any CPU.ActiveCfg = Release|Any CPU
		{F73CA167-79D2-448E-BF14-CADB265EFCD8}.Release|Any CPU.Build.0 = Release|Any CPU
		{7CDD01D2-36F8-4ABC-81B7-14AF1DE795EE}.Debug|Any CPU.ActiveCfg = Debug|Any CPU
		{7CDD01D2-36F8-4ABC-81B7-14AF1DE795EE}.Debug|Any CPU.Build.0 = Debug|Any CPU
		{7CDD01D2-36F8-4ABC-81B7-14AF1DE795EE}.Release|Any CPU.ActiveCfg = Release|Any CPU
		{7CDD01D2-36F8-4ABC-81B7-14AF1DE795EE}.Release|Any CPU.Build.0 = Release|Any CPU
		{9DC0A142-E4F9-4BA8-BB25-EEE6D33BF99A}.Debug|Any CPU.ActiveCfg = Debug|Any CPU
		{9DC0A142-E4F9-4BA8-BB25-EEE6D33BF99A}.Debug|Any CPU.Build.0 = Debug|Any CPU
		{9DC0A142-E4F9-4BA8-BB25-EEE6D33BF99A}.Release|Any CPU.ActiveCfg = Release|Any CPU
		{9DC0A142-E4F9-4BA8-BB25-EEE6D33BF99A}.Release|Any CPU.Build.0 = Release|Any CPU
		{F52240E1-B16A-46D8-9163-6B72F2E478D3}.Debug|Any CPU.ActiveCfg = Debug|Any CPU
		{F52240E1-B16A-46D8-9163-6B72F2E478D3}.Debug|Any CPU.Build.0 = Debug|Any CPU
		{F52240E1-B16A-46D8-9163-6B72F2E478D3}.Release|Any CPU.ActiveCfg = Release|Any CPU
		{F52240E1-B16A-46D8-9163-6B72F2E478D3}.Release|Any CPU.Build.0 = Release|Any CPU
		{745E2D00-B047-496B-8CE5-BCCFDA67E209}.Debug|Any CPU.ActiveCfg = Debug|Any CPU
		{745E2D00-B047-496B-8CE5-BCCFDA67E209}.Debug|Any CPU.Build.0 = Debug|Any CPU
		{745E2D00-B047-496B-8CE5-BCCFDA67E209}.Release|Any CPU.ActiveCfg = Release|Any CPU
		{745E2D00-B047-496B-8CE5-BCCFDA67E209}.Release|Any CPU.Build.0 = Release|Any CPU
		{F43C6EEE-4D41-4C4E-B835-E8EFE175189D}.Debug|Any CPU.ActiveCfg = Debug|Any CPU
		{F43C6EEE-4D41-4C4E-B835-E8EFE175189D}.Debug|Any CPU.Build.0 = Debug|Any CPU
		{F43C6EEE-4D41-4C4E-B835-E8EFE175189D}.Release|Any CPU.ActiveCfg = Release|Any CPU
		{F43C6EEE-4D41-4C4E-B835-E8EFE175189D}.Release|Any CPU.Build.0 = Release|Any CPU
		{10E1E506-9805-4225-80AD-12F53FB9CE2E}.Debug|Any CPU.ActiveCfg = Debug|Any CPU
		{10E1E506-9805-4225-80AD-12F53FB9CE2E}.Debug|Any CPU.Build.0 = Debug|Any CPU
		{10E1E506-9805-4225-80AD-12F53FB9CE2E}.Debug|Any CPU.Deploy.0 = Debug|Any CPU
		{10E1E506-9805-4225-80AD-12F53FB9CE2E}.Release|Any CPU.ActiveCfg = Release|Any CPU
		{10E1E506-9805-4225-80AD-12F53FB9CE2E}.Release|Any CPU.Build.0 = Release|Any CPU
		{10E1E506-9805-4225-80AD-12F53FB9CE2E}.Release|Any CPU.Deploy.0 = Release|Any CPU
	EndGlobalSection
	GlobalSection(SolutionProperties) = preSolution
		HideSolutionNode = FALSE
	EndGlobalSection
	GlobalSection(NestedProjects) = preSolution
		{5C8F8A4B-5DD4-4C7D-AC30-1CEBC4C2C0C5} = {2B48D4DB-4EEB-403B-A86A-9EF70E25EA49}
		{5C7A3705-04EF-4A18-9568-6295485BBCE4} = {5C8F8A4B-5DD4-4C7D-AC30-1CEBC4C2C0C5}
		{8E579868-7F71-424C-8450-C48AB579AE62} = {5C8F8A4B-5DD4-4C7D-AC30-1CEBC4C2C0C5}
		{86C4EE0C-97F5-42A8-BC73-AE1C58311354} = {5C8F8A4B-5DD4-4C7D-AC30-1CEBC4C2C0C5}
		{7EC55E6D-B5E6-43B6-AF92-BD0B23A8EE93} = {5C8F8A4B-5DD4-4C7D-AC30-1CEBC4C2C0C5}
		{6F090A1D-5ECB-4ACE-8184-5EB1D76CD248} = {2B48D4DB-4EEB-403B-A86A-9EF70E25EA49}
		{3FE7BC4B-95D4-4B80-A237-8F5590CD9B34} = {6F090A1D-5ECB-4ACE-8184-5EB1D76CD248}
		{FC1EB802-44BC-45E5-9F0B-3523EEDF54B0} = {6F090A1D-5ECB-4ACE-8184-5EB1D76CD248}
		{2B192ABD-EEDF-451A-AB06-F983CCD19946} = {6F090A1D-5ECB-4ACE-8184-5EB1D76CD248}
		{A109BDFE-F76D-422A-ACBE-07DDDF5AB221} = {6F090A1D-5ECB-4ACE-8184-5EB1D76CD248}
		{7CFA409A-1BD2-4FBE-B49E-B8A31D6E077C} = {2B48D4DB-4EEB-403B-A86A-9EF70E25EA49}
		{719CBE7A-14F2-45A3-9851-12925F9394FA} = {7CFA409A-1BD2-4FBE-B49E-B8A31D6E077C}
		{CE4E1262-33D0-41C2-8010-BF3AC30D0ADC} = {7CFA409A-1BD2-4FBE-B49E-B8A31D6E077C}
		{CC20DFD5-DB34-451E-B8EC-12E0283A5CEE} = {7CFA409A-1BD2-4FBE-B49E-B8A31D6E077C}
		{8A1D384A-547B-4B50-85A9-B5A30C6CD3E0} = {7CFA409A-1BD2-4FBE-B49E-B8A31D6E077C}
		{D34A5526-EEF3-486A-84B6-81C0542D0D55} = {2B48D4DB-4EEB-403B-A86A-9EF70E25EA49}
		{5B7A05F1-1F96-48E2-A9FF-BCBB79B587F1} = {D34A5526-EEF3-486A-84B6-81C0542D0D55}
		{45A768E6-BD0F-43A8-943A-05696D5B573E} = {D34A5526-EEF3-486A-84B6-81C0542D0D55}
		{F17E3F73-CA41-4F42-BD1D-FB72E0B6EB3F} = {D34A5526-EEF3-486A-84B6-81C0542D0D55}
		{C352F42A-583D-4FED-9197-5B31A96E78AD} = {D34A5526-EEF3-486A-84B6-81C0542D0D55}
		{BD01F002-3A3B-44E2-9F18-EAC0CB7448ED} = {2B48D4DB-4EEB-403B-A86A-9EF70E25EA49}
		{96DEA8BA-27BA-47BA-AEB9-F30D574F6220} = {BD01F002-3A3B-44E2-9F18-EAC0CB7448ED}
		{A56BE5E0-0827-4786-B8EB-8ACDCAE5D3A1} = {BD01F002-3A3B-44E2-9F18-EAC0CB7448ED}
		{F73CA167-79D2-448E-BF14-CADB265EFCD8} = {BD01F002-3A3B-44E2-9F18-EAC0CB7448ED}
		{7CDD01D2-36F8-4ABC-81B7-14AF1DE795EE} = {BD01F002-3A3B-44E2-9F18-EAC0CB7448ED}
		{9B405C50-A0B0-4724-9DB4-19F19BDDA2B7} = {2B48D4DB-4EEB-403B-A86A-9EF70E25EA49}
		{9DC0A142-E4F9-4BA8-BB25-EEE6D33BF99A} = {9B405C50-A0B0-4724-9DB4-19F19BDDA2B7}
		{F52240E1-B16A-46D8-9163-6B72F2E478D3} = {9B405C50-A0B0-4724-9DB4-19F19BDDA2B7}
		{745E2D00-B047-496B-8CE5-BCCFDA67E209} = {9B405C50-A0B0-4724-9DB4-19F19BDDA2B7}
		{F43C6EEE-4D41-4C4E-B835-E8EFE175189D} = {9B405C50-A0B0-4724-9DB4-19F19BDDA2B7}
		{C57CAE3A-E362-4F34-9EC0-30A8AAAB0814} = {2B48D4DB-4EEB-403B-A86A-9EF70E25EA49}
		{10E1E506-9805-4225-80AD-12F53FB9CE2E} = {C57CAE3A-E362-4F34-9EC0-30A8AAAB0814}
	EndGlobalSection
	GlobalSection(ExtensibilityGlobals) = postSolution
		SolutionGuid = {8AC83E58-1BF0-4788-BB3C-0ECB79AE4FCE}
	EndGlobalSection
EndGlobal
